
Microsoft Visual Studio Solution File, Format Version 12.00
# Visual Studio Version 17
VisualStudioVersion = 17.2.32630.192
MinimumVisualStudioVersion = 10.0.40219.1
Project("{FAE04EC0-301F-11D3-BF4B-00C04F79EFBC}") = "WPF_App", "WPF_App\WPF_App.csproj", "{4DAF3E2C-FBD4-451D-9829-AF4809C507E7}"
EndProject
Global
	GlobalSection(SolutionConfigurationPlatforms) = preSolution
		Debug|Any CPU = Debug|Any CPU
		Release|Any CPU = Release|Any CPU
	EndGlobalSection
	GlobalSection(ProjectConfigurationPlatforms) = postSolution
		{4DAF3E2C-FBD4-451D-9829-AF4809C507E7}.Debug|Any CPU.ActiveCfg = Debug|Any CPU
		{4DAF3E2C-FBD4-451D-9829-AF4809C507E7}.Debug|Any CPU.Build.0 = Debug|Any CPU
		{4DAF3E2C-FBD4-451D-9829-AF4809C507E7}.Release|Any CPU.ActiveCfg = Release|Any CPU
		{4DAF3E2C-FBD4-451D-9829-AF4809C507E7}.Release|Any CPU.Build.0 = Release|Any CPU
	EndGlobalSection
	GlobalSection(SolutionProperties) = preSolution
		HideSolutionNode = FALSE
	EndGlobalSection
	GlobalSection(ExtensibilityGlobals) = postSolution
		SolutionGuid = {ED66E3C3-050D-41BA-A613-79D662AA2194}
	EndGlobalSection
EndGlobal
